
Microsoft Visual Studio Solution File, Format Version 12.00
# Visual Studio Version 17
VisualStudioVersion = 17.9.34616.47
MinimumVisualStudioVersion = 10.0.40219.1
Project("{9A19103F-16F7-4668-BE54-9A1E7A4F7556}") = "Erp.Api", "Erp.Api\Erp.Api.csproj", "{1C969B15-D37F-41F7-B02E-16EF3AACBE7D}"
EndProject
Project("{FAE04EC0-301F-11D3-BF4B-00C04F79EFBC}") = "Mes.Api", "Mes.Api\Mes.Api.csproj", "{498C163E-A905-4D13-A169-3378D0465F76}"
EndProject
Project("{FAE04EC0-301F-11D3-BF4B-00C04F79EFBC}") = "Shared.Contracts", "Shared.Contracts\Shared.Contracts.csproj", "{05370C01-1D93-4817-BC63-A5D4E554A8BF}"
EndProject
Global
	GlobalSection(SolutionConfigurationPlatforms) = preSolution
		Debug|Any CPU = Debug|Any CPU
		Release|Any CPU = Release|Any CPU
	EndGlobalSection
	GlobalSection(ProjectConfigurationPlatforms) = postSolution
		{1C969B15-D37F-41F7-B02E-16EF3AACBE7D}.Debug|Any CPU.ActiveCfg = Debug|Any CPU
		{1C969B15-D37F-41F7-B02E-16EF3AACBE7D}.Debug|Any CPU.Build.0 = Debug|Any CPU
		{1C969B15-D37F-41F7-B02E-16EF3AACBE7D}.Release|Any CPU.ActiveCfg = Release|Any CPU
		{1C969B15-D37F-41F7-B02E-16EF3AACBE7D}.Release|Any CPU.Build.0 = Release|Any CPU
		{498C163E-A905-4D13-A169-3378D0465F76}.Debug|Any CPU.ActiveCfg = Debug|Any CPU
		{498C163E-A905-4D13-A169-3378D0465F76}.Debug|Any CPU.Build.0 = Debug|Any CPU
		{498C163E-A905-4D13-A169-3378D0465F76}.Release|Any CPU.ActiveCfg = Release|Any CPU
		{498C163E-A905-4D13-A169-3378D0465F76}.Release|Any CPU.Build.0 = Release|Any CPU
		{05370C01-1D93-4817-BC63-A5D4E554A8BF}.Debug|Any CPU.ActiveCfg = Debug|Any CPU
		{05370C01-1D93-4817-BC63-A5D4E554A8BF}.Debug|Any CPU.Build.0 = Debug|Any CPU
		{05370C01-1D93-4817-BC63-A5D4E554A8BF}.Release|Any CPU.ActiveCfg = Release|Any CPU
		{05370C01-1D93-4817-BC63-A5D4E554A8BF}.Release|Any CPU.Build.0 = Release|Any CPU
	EndGlobalSection
	GlobalSection(SolutionProperties) = preSolution
		HideSolutionNode = FALSE
	EndGlobalSection
	GlobalSection(ExtensibilityGlobals) = postSolution
		SolutionGuid = {6EBEA8A5-B144-4A26-B343-6044E2BD2E78}
	EndGlobalSection
EndGlobal
